
Microsoft Visual Studio Solution File, Format Version 12.00
# Visual Studio Version 17
VisualStudioVersion = 17.5.33414.496
MinimumVisualStudioVersion = 10.0.40219.1
Project("{FAE04EC0-301F-11D3-BF4B-00C04F79EFBC}") = "InterfacePractices", "InterfacePractices\InterfacePractices.csproj", "{040AB7CE-CF3A-4506-ACB5-993748C4D8F1}"
EndProject
Global
	GlobalSection(SolutionConfigurationPlatforms) = preSolution
		Debug|Any CPU = Debug|Any CPU
		Release|Any CPU = Release|Any CPU
	EndGlobalSection
	GlobalSection(ProjectConfigurationPlatforms) = postSolution
		{040AB7CE-CF3A-4506-ACB5-993748C4D8F1}.Debug|Any CPU.ActiveCfg = Debug|Any CPU
		{040AB7CE-CF3A-4506-ACB5-993748C4D8F1}.Debug|Any CPU.Build.0 = Debug|Any CPU
		{040AB7CE-CF3A-4506-ACB5-993748C4D8F1}.Release|Any CPU.ActiveCfg = Release|Any CPU
		{040AB7CE-CF3A-4506-ACB5-993748C4D8F1}.Release|Any CPU.Build.0 = Release|Any CPU
	EndGlobalSection
	GlobalSection(SolutionProperties) = preSolution
		HideSolutionNode = FALSE
	EndGlobalSection
	GlobalSection(ExtensibilityGlobals) = postSolution
		SolutionGuid = {BEBA1FB4-BDF4-4551-8949-D6A06661B889}
	EndGlobalSection
EndGlobal
